
Microsoft Visual Studio Solution File, Format Version 12.00
# Visual Studio Version 17
VisualStudioVersion = 17.5.002.0
MinimumVisualStudioVersion = 10.0.40219.1
Project("{2150E333-8FDC-42A3-9474-1A3956D46DE8}") = "Solution Items", "Solution Items", "{E0CD8BCE-F1A9-4C12-ADF5-7FDA93B33A1E}"
	ProjectSection(SolutionItems) = preProject
		.editorconfig = .editorconfig
	EndProjectSection
EndProject
Project("{54A90642-561A-4BB1-A94E-469ADEE60C69}") = "Lighthouse.Frontend", "Lighthouse.Frontend\Lighthouse.Frontend.esproj", "{BF239CF9-4E87-4C3A-A85B-CB176F143841}"
EndProject
Project("{9A19103F-16F7-4668-BE54-9A1E7A4F7556}") = "Lighthouse.Backend", "Lighthouse.Backend\Lighthouse.Backend.csproj", "{ECD9A0A0-E593-4543-BA4F-5ADA2B324296}"
EndProject
Project("{9A19103F-16F7-4668-BE54-9A1E7A4F7556}") = "Lighthouse.Backend.Tests", "Lighthouse.Backend.Tests\Lighthouse.Backend.Tests.csproj", "{E12ACFF3-3373-4A72-9CD2-43DE25AB8DBF}"
EndProject
Global
	GlobalSection(SolutionConfigurationPlatforms) = preSolution
		Debug|Any CPU = Debug|Any CPU
		Release|Any CPU = Release|Any CPU
	EndGlobalSection
	GlobalSection(ProjectConfigurationPlatforms) = postSolution
		{BF239CF9-4E87-4C3A-A85B-CB176F143841}.Debug|Any CPU.ActiveCfg = Debug|Any CPU
		{BF239CF9-4E87-4C3A-A85B-CB176F143841}.Debug|Any CPU.Build.0 = Debug|Any CPU
		{BF239CF9-4E87-4C3A-A85B-CB176F143841}.Debug|Any CPU.Deploy.0 = Debug|Any CPU
		{BF239CF9-4E87-4C3A-A85B-CB176F143841}.Release|Any CPU.ActiveCfg = Release|Any CPU
		{BF239CF9-4E87-4C3A-A85B-CB176F143841}.Release|Any CPU.Build.0 = Release|Any CPU
		{BF239CF9-4E87-4C3A-A85B-CB176F143841}.Release|Any CPU.Deploy.0 = Release|Any CPU
		{ECD9A0A0-E593-4543-BA4F-5ADA2B324296}.Debug|Any CPU.ActiveCfg = Debug|Any CPU
		{ECD9A0A0-E593-4543-BA4F-5ADA2B324296}.Debug|Any CPU.Build.0 = Debug|Any CPU
		{ECD9A0A0-E593-4543-BA4F-5ADA2B324296}.Release|Any CPU.ActiveCfg = Release|Any CPU
		{ECD9A0A0-E593-4543-BA4F-5ADA2B324296}.Release|Any CPU.Build.0 = Release|Any CPU
		{E12ACFF3-3373-4A72-9CD2-43DE25AB8DBF}.Debug|Any CPU.ActiveCfg = Debug|Any CPU
		{E12ACFF3-3373-4A72-9CD2-43DE25AB8DBF}.Debug|Any CPU.Build.0 = Debug|Any CPU
		{E12ACFF3-3373-4A72-9CD2-43DE25AB8DBF}.Release|Any CPU.ActiveCfg = Release|Any CPU
		{E12ACFF3-3373-4A72-9CD2-43DE25AB8DBF}.Release|Any CPU.Build.0 = Release|Any CPU
	EndGlobalSection
	GlobalSection(SolutionProperties) = preSolution
		HideSolutionNode = FALSE
	EndGlobalSection
	GlobalSection(ExtensibilityGlobals) = postSolution
		SolutionGuid = {9F3A5A4C-1180-4B60-8832-C83427B19777}
	EndGlobalSection
EndGlobal
